
Microsoft Visual Studio Solution File, Format Version 12.00
# Visual Studio Version 17
VisualStudioVersion = 17.9.34622.214
MinimumVisualStudioVersion = 10.0.40219.1
Project("{FAE04EC0-301F-11D3-BF4B-00C04F79EFBC}") = "StocklyAPI", "StocklyAPI\StocklyAPI.csproj", "{1B0BDC9F-8147-407F-92F6-FA98AFD6138B}"
EndProject
Project("{FAE04EC0-301F-11D3-BF4B-00C04F79EFBC}") = "StocklyAPI.Tests", "StocklyAPI.Tests\StocklyAPI.Tests.csproj", "{743CC466-2DD8-455D-9AA3-E665F8B97380}"
EndProject
Global
	GlobalSection(SolutionConfigurationPlatforms) = preSolution
		Debug|Any CPU = Debug|Any CPU
		Release|Any CPU = Release|Any CPU
	EndGlobalSection
	GlobalSection(ProjectConfigurationPlatforms) = postSolution
		{1B0BDC9F-8147-407F-92F6-FA98AFD6138B}.Debug|Any CPU.ActiveCfg = Debug|Any CPU
		{1B0BDC9F-8147-407F-92F6-FA98AFD6138B}.Debug|Any CPU.Build.0 = Debug|Any CPU
		{1B0BDC9F-8147-407F-92F6-FA98AFD6138B}.Release|Any CPU.ActiveCfg = Release|Any CPU
		{1B0BDC9F-8147-407F-92F6-FA98AFD6138B}.Release|Any CPU.Build.0 = Release|Any CPU
		{743CC466-2DD8-455D-9AA3-E665F8B97380}.Debug|Any CPU.ActiveCfg = Debug|Any CPU
		{743CC466-2DD8-455D-9AA3-E665F8B97380}.Debug|Any CPU.Build.0 = Debug|Any CPU
		{743CC466-2DD8-455D-9AA3-E665F8B97380}.Release|Any CPU.ActiveCfg = Release|Any CPU
		{743CC466-2DD8-455D-9AA3-E665F8B97380}.Release|Any CPU.Build.0 = Release|Any CPU
	EndGlobalSection
	GlobalSection(SolutionProperties) = preSolution
		HideSolutionNode = FALSE
	EndGlobalSection
	GlobalSection(ExtensibilityGlobals) = postSolution
		SolutionGuid = {C5C04498-260D-43B9-86DC-C28525791EF5}
	EndGlobalSection
EndGlobal
